
Microsoft Visual Studio Solution File, Format Version 12.00
# Visual Studio Version 17
VisualStudioVersion = 17.3.32901.215
MinimumVisualStudioVersion = 10.0.40219.1
Project("{2150E333-8FDC-42A3-9474-1A3956D46DE8}") = "Services", "Services", "{FDE99E6D-6CC6-4FAF-BCAC-B5A8E3448D87}"
EndProject
Project("{2150E333-8FDC-42A3-9474-1A3956D46DE8}") = "Catalog", "Catalog", "{A87BF17D-17F1-49B0-9250-FB1898154244}"
EndProject
Project("{9A19103F-16F7-4668-BE54-9A1E7A4F7556}") = "Catalog.API", "Services\Catalog\Catalog.API\Catalog.API.csproj", "{C1919028-A1C5-46A5-9BAE-A2BED21FFEAB}"
EndProject
Project("{E53339B2-1760-4266-BCC7-CA923CBCF16C}") = "docker-compose", "docker-compose.dcproj", "{CF0B640E-9459-4F17-9337-F1A778AECEB3}"
EndProject
Global
	GlobalSection(SolutionConfigurationPlatforms) = preSolution
		Debug|Any CPU = Debug|Any CPU
		Release|Any CPU = Release|Any CPU
	EndGlobalSection
	GlobalSection(ProjectConfigurationPlatforms) = postSolution
		{C1919028-A1C5-46A5-9BAE-A2BED21FFEAB}.Debug|Any CPU.ActiveCfg = Debug|Any CPU
		{C1919028-A1C5-46A5-9BAE-A2BED21FFEAB}.Debug|Any CPU.Build.0 = Debug|Any CPU
		{C1919028-A1C5-46A5-9BAE-A2BED21FFEAB}.Release|Any CPU.ActiveCfg = Release|Any CPU
		{C1919028-A1C5-46A5-9BAE-A2BED21FFEAB}.Release|Any CPU.Build.0 = Release|Any CPU
		{CF0B640E-9459-4F17-9337-F1A778AECEB3}.Debug|Any CPU.ActiveCfg = Debug|Any CPU
		{CF0B640E-9459-4F17-9337-F1A778AECEB3}.Debug|Any CPU.Build.0 = Debug|Any CPU
		{CF0B640E-9459-4F17-9337-F1A778AECEB3}.Release|Any CPU.ActiveCfg = Release|Any CPU
		{CF0B640E-9459-4F17-9337-F1A778AECEB3}.Release|Any CPU.Build.0 = Release|Any CPU
	EndGlobalSection
	GlobalSection(SolutionProperties) = preSolution
		HideSolutionNode = FALSE
	EndGlobalSection
	GlobalSection(NestedProjects) = preSolution
		{A87BF17D-17F1-49B0-9250-FB1898154244} = {FDE99E6D-6CC6-4FAF-BCAC-B5A8E3448D87}
		{C1919028-A1C5-46A5-9BAE-A2BED21FFEAB} = {A87BF17D-17F1-49B0-9250-FB1898154244}
	EndGlobalSection
	GlobalSection(ExtensibilityGlobals) = postSolution
		SolutionGuid = {D7B43DFB-CD61-4F50-9804-103C4A7E05AF}
	EndGlobalSection
EndGlobal
