
Microsoft Visual Studio Solution File, Format Version 12.00
# Visual Studio Version 17
VisualStudioVersion = 17.3.32901.215
MinimumVisualStudioVersion = 10.0.40219.1
Project("{2150E333-8FDC-42A3-9474-1A3956D46DE8}") = "Services", "Services", "{FDE99E6D-6CC6-4FAF-BCAC-B5A8E3448D87}"
EndProject
Project("{2150E333-8FDC-42A3-9474-1A3956D46DE8}") = "Catalog", "Catalog", "{A87BF17D-17F1-49B0-9250-FB1898154244}"
EndProject
Project("{9A19103F-16F7-4668-BE54-9A1E7A4F7556}") = "Catalog.API", "Services\Catalog\Catalog.API\Catalog.API.csproj", "{C1919028-A1C5-46A5-9BAE-A2BED21FFEAB}"
EndProject
Project("{E53339B2-1760-4266-BCC7-CA923CBCF16C}") = "docker-compose", "docker-compose.dcproj", "{CF0B640E-9459-4F17-9337-F1A778AECEB3}"
EndProject
Project("{2150E333-8FDC-42A3-9474-1A3956D46DE8}") = "Basket", "Basket", "{BBFC4A60-1EFF-40F8-ABDE-6A7CE9370915}"
EndProject
Project("{9A19103F-16F7-4668-BE54-9A1E7A4F7556}") = "Basket.API", "Services\Basket\Basket.API\Basket.API.csproj", "{B377F8E9-0CA9-4626-BF14-CA18C1CEFA9D}"
EndProject
Project("{2150E333-8FDC-42A3-9474-1A3956D46DE8}") = "Discount", "Discount", "{AA39C1C1-711E-43FE-8BD6-F0689050BD22}"
EndProject
Project("{9A19103F-16F7-4668-BE54-9A1E7A4F7556}") = "Discount.API", "Services\Discount\Discount.API\Discount.API.csproj", "{357ADD17-13C4-46E1-BA5F-F9CCE5C1B709}"
EndProject
Project("{9A19103F-16F7-4668-BE54-9A1E7A4F7556}") = "Discount.Grpc", "Services\Discount\Discount.Grpc\Discount.Grpc.csproj", "{C2564187-29A6-4CF4-9B12-51C44F822CBE}"
EndProject
Project("{2150E333-8FDC-42A3-9474-1A3956D46DE8}") = "Order", "Order", "{1AB0343A-F4DA-4297-95D6-8E9E006B5A45}"
EndProject
Project("{FAE04EC0-301F-11D3-BF4B-00C04F79EFBC}") = "Order.API", "Services\Order\Order.API\Order.API.csproj", "{D0A606D1-3218-4CB2-8784-AD7B5067F801}"
EndProject
Project("{FAE04EC0-301F-11D3-BF4B-00C04F79EFBC}") = "Order.Domain", "Services\Order\Order.Domain\Order.Domain.csproj", "{87A35FDD-34B3-4E9C-9486-8F1CB2636F02}"
EndProject
Project("{FAE04EC0-301F-11D3-BF4B-00C04F79EFBC}") = "Order.Application", "Services\Order\Order.Application\Order.Application.csproj", "{4E7B1BE5-373E-4E4A-9173-2F795F1A2089}"
EndProject
Project("{FAE04EC0-301F-11D3-BF4B-00C04F79EFBC}") = "Order.Infrastructure", "Services\Order\Order.Infrastructure\Order.Infrastructure.csproj", "{7CB7DC52-F1D4-4D75-87BA-D156B7CF92EE}"
EndProject
Global
	GlobalSection(SolutionConfigurationPlatforms) = preSolution
		Debug|Any CPU = Debug|Any CPU
		Release|Any CPU = Release|Any CPU
	EndGlobalSection
	GlobalSection(ProjectConfigurationPlatforms) = postSolution
		{C1919028-A1C5-46A5-9BAE-A2BED21FFEAB}.Debug|Any CPU.ActiveCfg = Debug|Any CPU
		{C1919028-A1C5-46A5-9BAE-A2BED21FFEAB}.Debug|Any CPU.Build.0 = Debug|Any CPU
		{C1919028-A1C5-46A5-9BAE-A2BED21FFEAB}.Release|Any CPU.ActiveCfg = Release|Any CPU
		{C1919028-A1C5-46A5-9BAE-A2BED21FFEAB}.Release|Any CPU.Build.0 = Release|Any CPU
		{CF0B640E-9459-4F17-9337-F1A778AECEB3}.Debug|Any CPU.ActiveCfg = Debug|Any CPU
		{CF0B640E-9459-4F17-9337-F1A778AECEB3}.Debug|Any CPU.Build.0 = Debug|Any CPU
		{CF0B640E-9459-4F17-9337-F1A778AECEB3}.Release|Any CPU.ActiveCfg = Release|Any CPU
		{CF0B640E-9459-4F17-9337-F1A778AECEB3}.Release|Any CPU.Build.0 = Release|Any CPU
		{B377F8E9-0CA9-4626-BF14-CA18C1CEFA9D}.Debug|Any CPU.ActiveCfg = Debug|Any CPU
		{B377F8E9-0CA9-4626-BF14-CA18C1CEFA9D}.Debug|Any CPU.Build.0 = Debug|Any CPU
		{B377F8E9-0CA9-4626-BF14-CA18C1CEFA9D}.Release|Any CPU.ActiveCfg = Release|Any CPU
		{B377F8E9-0CA9-4626-BF14-CA18C1CEFA9D}.Release|Any CPU.Build.0 = Release|Any CPU
		{357ADD17-13C4-46E1-BA5F-F9CCE5C1B709}.Debug|Any CPU.ActiveCfg = Debug|Any CPU
		{357ADD17-13C4-46E1-BA5F-F9CCE5C1B709}.Debug|Any CPU.Build.0 = Debug|Any CPU
		{357ADD17-13C4-46E1-BA5F-F9CCE5C1B709}.Release|Any CPU.ActiveCfg = Release|Any CPU
		{357ADD17-13C4-46E1-BA5F-F9CCE5C1B709}.Release|Any CPU.Build.0 = Release|Any CPU
		{C2564187-29A6-4CF4-9B12-51C44F822CBE}.Debug|Any CPU.ActiveCfg = Debug|Any CPU
		{C2564187-29A6-4CF4-9B12-51C44F822CBE}.Debug|Any CPU.Build.0 = Debug|Any CPU
		{C2564187-29A6-4CF4-9B12-51C44F822CBE}.Release|Any CPU.ActiveCfg = Release|Any CPU
		{C2564187-29A6-4CF4-9B12-51C44F822CBE}.Release|Any CPU.Build.0 = Release|Any CPU
		{D0A606D1-3218-4CB2-8784-AD7B5067F801}.Debug|Any CPU.ActiveCfg = Debug|Any CPU
		{D0A606D1-3218-4CB2-8784-AD7B5067F801}.Debug|Any CPU.Build.0 = Debug|Any CPU
		{D0A606D1-3218-4CB2-8784-AD7B5067F801}.Release|Any CPU.ActiveCfg = Release|Any CPU
		{D0A606D1-3218-4CB2-8784-AD7B5067F801}.Release|Any CPU.Build.0 = Release|Any CPU
		{87A35FDD-34B3-4E9C-9486-8F1CB2636F02}.Debug|Any CPU.ActiveCfg = Debug|Any CPU
		{87A35FDD-34B3-4E9C-9486-8F1CB2636F02}.Debug|Any CPU.Build.0 = Debug|Any CPU
		{87A35FDD-34B3-4E9C-9486-8F1CB2636F02}.Release|Any CPU.ActiveCfg = Release|Any CPU
		{87A35FDD-34B3-4E9C-9486-8F1CB2636F02}.Release|Any CPU.Build.0 = Release|Any CPU
		{4E7B1BE5-373E-4E4A-9173-2F795F1A2089}.Debug|Any CPU.ActiveCfg = Debug|Any CPU
		{4E7B1BE5-373E-4E4A-9173-2F795F1A2089}.Debug|Any CPU.Build.0 = Debug|Any CPU
		{4E7B1BE5-373E-4E4A-9173-2F795F1A2089}.Release|Any CPU.ActiveCfg = Release|Any CPU
		{4E7B1BE5-373E-4E4A-9173-2F795F1A2089}.Release|Any CPU.Build.0 = Release|Any CPU
		{7CB7DC52-F1D4-4D75-87BA-D156B7CF92EE}.Debug|Any CPU.ActiveCfg = Debug|Any CPU
		{7CB7DC52-F1D4-4D75-87BA-D156B7CF92EE}.Debug|Any CPU.Build.0 = Debug|Any CPU
		{7CB7DC52-F1D4-4D75-87BA-D156B7CF92EE}.Release|Any CPU.ActiveCfg = Release|Any CPU
		{7CB7DC52-F1D4-4D75-87BA-D156B7CF92EE}.Release|Any CPU.Build.0 = Release|Any CPU
	EndGlobalSection
	GlobalSection(SolutionProperties) = preSolution
		HideSolutionNode = FALSE
	EndGlobalSection
	GlobalSection(NestedProjects) = preSolution
		{A87BF17D-17F1-49B0-9250-FB1898154244} = {FDE99E6D-6CC6-4FAF-BCAC-B5A8E3448D87}
		{C1919028-A1C5-46A5-9BAE-A2BED21FFEAB} = {A87BF17D-17F1-49B0-9250-FB1898154244}
		{BBFC4A60-1EFF-40F8-ABDE-6A7CE9370915} = {FDE99E6D-6CC6-4FAF-BCAC-B5A8E3448D87}
		{B377F8E9-0CA9-4626-BF14-CA18C1CEFA9D} = {BBFC4A60-1EFF-40F8-ABDE-6A7CE9370915}
		{AA39C1C1-711E-43FE-8BD6-F0689050BD22} = {FDE99E6D-6CC6-4FAF-BCAC-B5A8E3448D87}
		{357ADD17-13C4-46E1-BA5F-F9CCE5C1B709} = {AA39C1C1-711E-43FE-8BD6-F0689050BD22}
		{C2564187-29A6-4CF4-9B12-51C44F822CBE} = {AA39C1C1-711E-43FE-8BD6-F0689050BD22}
		{1AB0343A-F4DA-4297-95D6-8E9E006B5A45} = {FDE99E6D-6CC6-4FAF-BCAC-B5A8E3448D87}
		{D0A606D1-3218-4CB2-8784-AD7B5067F801} = {1AB0343A-F4DA-4297-95D6-8E9E006B5A45}
		{87A35FDD-34B3-4E9C-9486-8F1CB2636F02} = {1AB0343A-F4DA-4297-95D6-8E9E006B5A45}
		{4E7B1BE5-373E-4E4A-9173-2F795F1A2089} = {1AB0343A-F4DA-4297-95D6-8E9E006B5A45}
		{7CB7DC52-F1D4-4D75-87BA-D156B7CF92EE} = {1AB0343A-F4DA-4297-95D6-8E9E006B5A45}
	EndGlobalSection
	GlobalSection(ExtensibilityGlobals) = postSolution
		SolutionGuid = {D7B43DFB-CD61-4F50-9804-103C4A7E05AF}
	EndGlobalSection
EndGlobal
